{
  "name": "hermes-web",
  "version": "0.1.0",
  "lockfileVersion": 1,
  "dependencies": {
    "jquery.inputmask": {
      "version": "3.3.4",
      "resolved": "https://registry.npmjs.org/jquery.inputmask/-/jquery.inputmask-3.3.4.tgz",
      "integrity": "sha1-/0qP0Zb5/iihf9d6LaV5wVp4pgY="
    }
  }
}
